
Microsoft Visual Studio Solution File, Format Version 12.00
# Visual Studio 15
VisualStudioVersion = 15.0.28010.2036
MinimumVisualStudioVersion = 10.0.40219.1
Project("{151D2E53-A2C4-4D7D-83FE-D05416EBD58E}") = "Azure.CloudETLD365CEADF", "Azure.CloudETLD365CEADF\Azure.CloudETLD365CEADF.deployproj", "{571326A8-F42E-4254-A360-7AB65E137111}"
EndProject
Global
	GlobalSection(SolutionConfigurationPlatforms) = preSolution
		Debug|Any CPU = Debug|Any CPU
		Release|Any CPU = Release|Any CPU
	EndGlobalSection
	GlobalSection(ProjectConfigurationPlatforms) = postSolution
		{571326A8-F42E-4254-A360-7AB65E137111}.Debug|Any CPU.ActiveCfg = Debug|Any CPU
		{571326A8-F42E-4254-A360-7AB65E137111}.Debug|Any CPU.Build.0 = Debug|Any CPU
		{571326A8-F42E-4254-A360-7AB65E137111}.Release|Any CPU.ActiveCfg = Release|Any CPU
		{571326A8-F42E-4254-A360-7AB65E137111}.Release|Any CPU.Build.0 = Release|Any CPU
	EndGlobalSection
	GlobalSection(SolutionProperties) = preSolution
		HideSolutionNode = FALSE
	EndGlobalSection
	GlobalSection(ExtensibilityGlobals) = postSolution
		SolutionGuid = {7CE1758A-8485-4F44-B383-BE0D4D591FDB}
	EndGlobalSection
EndGlobal
