
Microsoft Visual Studio Solution File, Format Version 12.00
# Visual Studio Version 16
VisualStudioVersion = 16.0.29306.81
MinimumVisualStudioVersion = 10.0.40219.1
Project("{FAE04EC0-301F-11D3-BF4B-00C04F79EFBC}") = "D365CE.CustomPricingTalk.Complete", "D365CE.CustomPricingTalk.Complete\D365CE.CustomPricingTalk.Complete.csproj", "{436D9CE9-2E8B-47CB-9473-9868A030A1F1}"
EndProject
Project("{FAE04EC0-301F-11D3-BF4B-00C04F79EFBC}") = "D365CE.CustomPricingTalk.Start", "D365CE.CustomPricingTalk.Start\D365CE.CustomPricingTalk.Start.csproj", "{12DF3480-0BCF-4A6F-904C-787CAD9EC5FA}"
EndProject
Global
	GlobalSection(SolutionConfigurationPlatforms) = preSolution
		Debug|Any CPU = Debug|Any CPU
		Release|Any CPU = Release|Any CPU
	EndGlobalSection
	GlobalSection(ProjectConfigurationPlatforms) = postSolution
		{436D9CE9-2E8B-47CB-9473-9868A030A1F1}.Debug|Any CPU.ActiveCfg = Debug|Any CPU
		{436D9CE9-2E8B-47CB-9473-9868A030A1F1}.Debug|Any CPU.Build.0 = Debug|Any CPU
		{436D9CE9-2E8B-47CB-9473-9868A030A1F1}.Release|Any CPU.ActiveCfg = Release|Any CPU
		{436D9CE9-2E8B-47CB-9473-9868A030A1F1}.Release|Any CPU.Build.0 = Release|Any CPU
		{12DF3480-0BCF-4A6F-904C-787CAD9EC5FA}.Debug|Any CPU.ActiveCfg = Debug|Any CPU
		{12DF3480-0BCF-4A6F-904C-787CAD9EC5FA}.Debug|Any CPU.Build.0 = Debug|Any CPU
		{12DF3480-0BCF-4A6F-904C-787CAD9EC5FA}.Release|Any CPU.ActiveCfg = Release|Any CPU
		{12DF3480-0BCF-4A6F-904C-787CAD9EC5FA}.Release|Any CPU.Build.0 = Release|Any CPU
	EndGlobalSection
	GlobalSection(SolutionProperties) = preSolution
		HideSolutionNode = FALSE
	EndGlobalSection
	GlobalSection(ExtensibilityGlobals) = postSolution
		SolutionGuid = {1BC19F45-0ECB-433C-A76E-277F7841F2F9}
	EndGlobalSection
EndGlobal
