
Microsoft Visual Studio Solution File, Format Version 12.00
# Visual Studio Version 16
VisualStudioVersion = 16.0.30621.155
MinimumVisualStudioVersion = 10.0.40219.1
Project("{151D2E53-A2C4-4D7D-83FE-D05416EBD58E}") = "Az.Resources", "Az.Resources\Az.Resources.deployproj", "{511122FD-D4EF-4516-B659-A1FA1A4842B2}"
EndProject
Global
	GlobalSection(SolutionConfigurationPlatforms) = preSolution
		Debug|Any CPU = Debug|Any CPU
		Release|Any CPU = Release|Any CPU
	EndGlobalSection
	GlobalSection(ProjectConfigurationPlatforms) = postSolution
		{511122FD-D4EF-4516-B659-A1FA1A4842B2}.Debug|Any CPU.ActiveCfg = Debug|Any CPU
		{511122FD-D4EF-4516-B659-A1FA1A4842B2}.Debug|Any CPU.Build.0 = Debug|Any CPU
		{511122FD-D4EF-4516-B659-A1FA1A4842B2}.Release|Any CPU.ActiveCfg = Release|Any CPU
		{511122FD-D4EF-4516-B659-A1FA1A4842B2}.Release|Any CPU.Build.0 = Release|Any CPU
	EndGlobalSection
	GlobalSection(SolutionProperties) = preSolution
		HideSolutionNode = FALSE
	EndGlobalSection
	GlobalSection(ExtensibilityGlobals) = postSolution
		SolutionGuid = {CDE79550-777B-4BBC-9543-3E46AF3458B0}
	EndGlobalSection
EndGlobal
